
Microsoft Visual Studio Solution File, Format Version 12.00
# Visual Studio Version 16
VisualStudioVersion = 16.0.29209.62
MinimumVisualStudioVersion = 10.0.40219.1
Project("{FAE04EC0-301F-11D3-BF4B-00C04F79EFBC}") = "Mine sweaper with JS", "Mine sweaper with JS.csproj", "{B0105186-D4E1-45F9-AF98-606A0D93005C}"
EndProject
Global
	GlobalSection(SolutionConfigurationPlatforms) = preSolution
		Debug|Any CPU = Debug|Any CPU
		Release|Any CPU = Release|Any CPU
	EndGlobalSection
	GlobalSection(ProjectConfigurationPlatforms) = postSolution
		{B0105186-D4E1-45F9-AF98-606A0D93005C}.Debug|Any CPU.ActiveCfg = Debug|Any CPU
		{B0105186-D4E1-45F9-AF98-606A0D93005C}.Debug|Any CPU.Build.0 = Debug|Any CPU
		{B0105186-D4E1-45F9-AF98-606A0D93005C}.Release|Any CPU.ActiveCfg = Release|Any CPU
		{B0105186-D4E1-45F9-AF98-606A0D93005C}.Release|Any CPU.Build.0 = Release|Any CPU
	EndGlobalSection
	GlobalSection(SolutionProperties) = preSolution
		HideSolutionNode = FALSE
	EndGlobalSection
	GlobalSection(ExtensibilityGlobals) = postSolution
		SolutionGuid = {DDE8F409-DFD5-4CDF-88C8-8F69C3B8159A}
	EndGlobalSection
EndGlobal
